
Microsoft Visual Studio Solution File, Format Version 12.00
# Visual Studio Version 17
VisualStudioVersion = 17.4.33403.182
MinimumVisualStudioVersion = 10.0.40219.1
Project("{FAE04EC0-301F-11D3-BF4B-00C04F79EFBC}") = "CalculatorApi", "CalculatorApi\CalculatorApi.csproj", "{BA4F0C3A-D57C-48D7-B3D8-2EA46D771689}"
EndProject
Global
	GlobalSection(SolutionConfigurationPlatforms) = preSolution
		Debug|Any CPU = Debug|Any CPU
		Release|Any CPU = Release|Any CPU
	EndGlobalSection
	GlobalSection(ProjectConfigurationPlatforms) = postSolution
		{BA4F0C3A-D57C-48D7-B3D8-2EA46D771689}.Debug|Any CPU.ActiveCfg = Debug|Any CPU
		{BA4F0C3A-D57C-48D7-B3D8-2EA46D771689}.Debug|Any CPU.Build.0 = Debug|Any CPU
		{BA4F0C3A-D57C-48D7-B3D8-2EA46D771689}.Release|Any CPU.ActiveCfg = Release|Any CPU
		{BA4F0C3A-D57C-48D7-B3D8-2EA46D771689}.Release|Any CPU.Build.0 = Release|Any CPU
	EndGlobalSection
	GlobalSection(SolutionProperties) = preSolution
		HideSolutionNode = FALSE
	EndGlobalSection
	GlobalSection(ExtensibilityGlobals) = postSolution
		SolutionGuid = {8D67182B-C988-467E-BDC8-5E79AF03CCAD}
	EndGlobalSection
EndGlobal
